{
  "name": "curl-parser-js-example",
  "version": "0.0.1",
  "lockfileVersion": 1,
  "requires": true,
  "dependencies": {
    "curl-parser-js": {
      "version": "file:..",
      "dependencies": {
        "path": {
          "version": "0.12.7",
          "bundled": true
        }
      }
    }
  }
}
